
Microsoft Visual Studio Solution File, Format Version 12.00
# Visual Studio Version 16
VisualStudioVersion = 16.0.32228.343
MinimumVisualStudioVersion = 10.0.40219.1
Project("{9A19103F-16F7-4668-BE54-9A1E7A4F7556}") = "Dungeon Escape Remastered", "Dungeon Escape Remastered.csproj", "{CACF71B8-FCA0-459E-ADA3-DD64A49064D7}"
EndProject
Global
	GlobalSection(SolutionConfigurationPlatforms) = preSolution
		Debug|Any CPU = Debug|Any CPU
		Release|Any CPU = Release|Any CPU
	EndGlobalSection
	GlobalSection(ProjectConfigurationPlatforms) = postSolution
		{CACF71B8-FCA0-459E-ADA3-DD64A49064D7}.Debug|Any CPU.ActiveCfg = Debug|Any CPU
		{CACF71B8-FCA0-459E-ADA3-DD64A49064D7}.Debug|Any CPU.Build.0 = Debug|Any CPU
		{CACF71B8-FCA0-459E-ADA3-DD64A49064D7}.Release|Any CPU.ActiveCfg = Release|Any CPU
		{CACF71B8-FCA0-459E-ADA3-DD64A49064D7}.Release|Any CPU.Build.0 = Release|Any CPU
	EndGlobalSection
	GlobalSection(SolutionProperties) = preSolution
		HideSolutionNode = FALSE
	EndGlobalSection
	GlobalSection(ExtensibilityGlobals) = postSolution
		SolutionGuid = {87B471A4-4411-4BA1-8B95-B7F6C781A67E}
	EndGlobalSection
EndGlobal
